// !$*UTF8*$!
{
	archiveVersion = 1;
	classes = {
	};
	objectVersion = 55;
	objects = {

/* Begin PBXBuildFile section */
		A54833862881DF5200FAC1F4 /* TakeHomeTestApp.swift in Sources */ = {isa = PBXBuildFile; fileRef = A54833852881DF5200FAC1F4 /* TakeHomeTestApp.swift */; };
		A54833882881DF5200FAC1F4 /* ContentView.swift in Sources */ = {isa = PBXBuildFile; fileRef = A54833872881DF5200FAC1F4 /* ContentView.swift */; };
		A548338A2881DF5400FAC1F4 /* Assets.xcassets in Resources */ = {isa = PBXBuildFile; fileRef = A54833892881DF5400FAC1F4 /* Assets.xcassets */; };
		A548338D2881DF5400FAC1F4 /* Preview Assets.xcassets in Resources */ = {isa = PBXBuildFile; fileRef = A548338C2881DF5400FAC1F4 /* Preview Assets.xcassets */; };
		A54833B128834E9300FAC1F4 /* Network.swift in Sources */ = {isa = PBXBuildFile; fileRef = A54833B028834E9300FAC1F4 /* Network.swift */; };
		A54833B4288351BF00FAC1F4 /* ContentViewModal.swift in Sources */ = {isa = PBXBuildFile; fileRef = A54833B3288351BF00FAC1F4 /* ContentViewModal.swift */; };
		A54833B62883799D00FAC1F4 /* ImageLoader.swift in Sources */ = {isa = PBXBuildFile; fileRef = A54833B52883799D00FAC1F4 /* ImageLoader.swift */; };
		A54833B9288379D400FAC1F4 /* NetworkManager.swift in Sources */ = {isa = PBXBuildFile; fileRef = A54833B8288379D400FAC1F4 /* NetworkManager.swift */; };
		A54833BC2883838300FAC1F4 /* DetailView.swift in Sources */ = {isa = PBXBuildFile; fileRef = A54833BB2883838300FAC1F4 /* DetailView.swift */; };
		A54833C028841C6300FAC1F4 /* VideoView.swift in Sources */ = {isa = PBXBuildFile; fileRef = A54833BF28841C6300FAC1F4 /* VideoView.swift */; };
		A54833C328846C5600FAC1F4 /* DetailViewModal.swift in Sources */ = {isa = PBXBuildFile; fileRef = A54833C228846C5600FAC1F4 /* DetailViewModal.swift */; };
		A54833C52884B96300FAC1F4 /* CommentsNameViewCell.swift in Sources */ = {isa = PBXBuildFile; fileRef = A54833C42884B96300FAC1F4 /* CommentsNameViewCell.swift */; };
		A54833C72884BCB000FAC1F4 /* CommentsViewCell.swift in Sources */ = {isa = PBXBuildFile; fileRef = A54833C62884BCB000FAC1F4 /* CommentsViewCell.swift */; };
		A54833E92885BD3900FAC1F4 /* EXT-String.swift in Sources */ = {isa = PBXBuildFile; fileRef = A54833E82885BD3900FAC1F4 /* EXT-String.swift */; };
		A54833EB2885BD4F00FAC1F4 /* EXT-Date.swift in Sources */ = {isa = PBXBuildFile; fileRef = A54833EA2885BD4F00FAC1F4 /* EXT-Date.swift */; };
/* End PBXBuildFile section */

/* Begin PBXContainerItemProxy section */
		A54833932881DF5400FAC1F4 /* PBXContainerItemProxy */ = {
			isa = PBXContainerItemProxy;
			containerPortal = A548337A2881DF5100FAC1F4 /* Project object */;
			proxyType = 1;
			remoteGlobalIDString = A54833812881DF5200FAC1F4;
			remoteInfo = TakeHomeTest;
		};
		A548339D2881DF5400FAC1F4 /* PBXContainerItemProxy */ = {
			isa = PBXContainerItemProxy;
			containerPortal = A548337A2881DF5100FAC1F4 /* Project object */;
			proxyType = 1;
			remoteGlobalIDString = A54833812881DF5200FAC1F4;
			remoteInfo = TakeHomeTest;
		};
/* End PBXContainerItemProxy section */

/* Begin PBXFileReference section */
		A54833822881DF5200FAC1F4 /* TakeHomeTest.app */ = {isa = PBXFileReference; explicitFileType = wrapper.application; includeInIndex = 0; path = TakeHomeTest.app; sourceTree = BUILT_PRODUCTS_DIR; };
		A54833852881DF5200FAC1F4 /* TakeHomeTestApp.swift */ = {isa = PBXFileReference; lastKnownFileType = sourcecode.swift; path = TakeHomeTestApp.swift; sourceTree = "<group>"; };
		A54833872881DF5200FAC1F4 /* ContentView.swift */ = {isa = PBXFileReference; lastKnownFileType = sourcecode.swift; path = ContentView.swift; sourceTree = "<group>"; };
		A54833892881DF5400FAC1F4 /* Assets.xcassets */ = {isa = PBXFileReference; lastKnownFileType = folder.assetcatalog; path = Assets.xcassets; sourceTree = "<group>"; };
		A548338C2881DF5400FAC1F4 /* Preview Assets.xcassets */ = {isa = PBXFileReference; lastKnownFileType = folder.assetcatalog; path = "Preview Assets.xcassets"; sourceTree = "<group>"; };
		A54833922881DF5400FAC1F4 /* TakeHomeTestTests.xctest */ = {isa = PBXFileReference; explicitFileType = wrapper.cfbundle; includeInIndex = 0; path = TakeHomeTestTests.xctest; sourceTree = BUILT_PRODUCTS_DIR; };
		A548339C2881DF5400FAC1F4 /* TakeHomeTestUITests.xctest */ = {isa = PBXFileReference; explicitFileType = wrapper.cfbundle; includeInIndex = 0; path = TakeHomeTestUITests.xctest; sourceTree = BUILT_PRODUCTS_DIR; };
		A54833B028834E9300FAC1F4 /* Network.swift */ = {isa = PBXFileReference; lastKnownFileType = sourcecode.swift; path = Network.swift; sourceTree = "<group>"; };
		A54833B3288351BF00FAC1F4 /* ContentViewModal.swift */ = {isa = PBXFileReference; lastKnownFileType = sourcecode.swift; path = ContentViewModal.swift; sourceTree = "<group>"; };
		A54833B52883799D00FAC1F4 /* ImageLoader.swift */ = {isa = PBXFileReference; lastKnownFileType = sourcecode.swift; path = ImageLoader.swift; sourceTree = "<group>"; };
		A54833B8288379D400FAC1F4 /* NetworkManager.swift */ = {isa = PBXFileReference; lastKnownFileType = sourcecode.swift; path = NetworkManager.swift; sourceTree = "<group>"; };
		A54833BB2883838300FAC1F4 /* DetailView.swift */ = {isa = PBXFileReference; lastKnownFileType = sourcecode.swift; path = DetailView.swift; sourceTree = "<group>"; };
		A54833BF28841C6300FAC1F4 /* VideoView.swift */ = {isa = PBXFileReference; lastKnownFileType = sourcecode.swift; path = VideoView.swift; sourceTree = "<group>"; };
		A54833C228846C5600FAC1F4 /* DetailViewModal.swift */ = {isa = PBXFileReference; lastKnownFileType = sourcecode.swift; path = DetailViewModal.swift; sourceTree = "<group>"; };
		A54833C42884B96300FAC1F4 /* CommentsNameViewCell.swift */ = {isa = PBXFileReference; lastKnownFileType = sourcecode.swift; path = CommentsNameViewCell.swift; sourceTree = "<group>"; };
		A54833C62884BCB000FAC1F4 /* CommentsViewCell.swift */ = {isa = PBXFileReference; lastKnownFileType = sourcecode.swift; path = CommentsViewCell.swift; sourceTree = "<group>"; };
		A54833E82885BD3900FAC1F4 /* EXT-String.swift */ = {isa = PBXFileReference; lastKnownFileType = sourcecode.swift; path = "EXT-String.swift"; sourceTree = "<group>"; };
		A54833EA2885BD4F00FAC1F4 /* EXT-Date.swift */ = {isa = PBXFileReference; lastKnownFileType = sourcecode.swift; path = "EXT-Date.swift"; sourceTree = "<group>"; };
/* End PBXFileReference section */

/* Begin PBXFrameworksBuildPhase section */
		A548337F2881DF5200FAC1F4 /* Frameworks */ = {
			isa = PBXFrameworksBuildPhase;
			buildActionMask = 2147483647;
			files = (
			);
			runOnlyForDeploymentPostprocessing = 0;
		};
		A548338F2881DF5400FAC1F4 /* Frameworks */ = {
			isa = PBXFrameworksBuildPhase;
			buildActionMask = 2147483647;
			files = (
			);
			runOnlyForDeploymentPostprocessing = 0;
		};
		A54833992881DF5400FAC1F4 /* Frameworks */ = {
			isa = PBXFrameworksBuildPhase;
			buildActionMask = 2147483647;
			files = (
			);
			runOnlyForDeploymentPostprocessing = 0;
		};
/* End PBXFrameworksBuildPhase section */

/* Begin PBXGroup section */
		A54833792881DF5100FAC1F4 = {
			isa = PBXGroup;
			children = (
				A54833842881DF5200FAC1F4 /* TakeHomeTest */,
				A54833832881DF5200FAC1F4 /* Products */,
			);
			sourceTree = "<group>";
		};
		A54833832881DF5200FAC1F4 /* Products */ = {
			isa = PBXGroup;
			children = (
				A54833822881DF5200FAC1F4 /* TakeHomeTest.app */,
				A54833922881DF5400FAC1F4 /* TakeHomeTestTests.xctest */,
				A548339C2881DF5400FAC1F4 /* TakeHomeTestUITests.xctest */,
			);
			name = Products;
			sourceTree = "<group>";
		};
		A54833842881DF5200FAC1F4 /* TakeHomeTest */ = {
			isa = PBXGroup;
			children = (
				A54833852881DF5200FAC1F4 /* TakeHomeTestApp.swift */,
				A54833CB2884BE9B00FAC1F4 /* Screens */,
				A54833EC2885BE6400FAC1F4 /* Extensions */,
				A54833CA2884BE8B00FAC1F4 /* CustomViews */,
				A54833B7288379A700FAC1F4 /* Utilities */,
				A54833BA288379DA00FAC1F4 /* Manager */,
				A54833B228834E9A00FAC1F4 /* Modal */,
				A54833C128841C6E00FAC1F4 /* UIRepresentable */,
				A54833892881DF5400FAC1F4 /* Assets.xcassets */,
				A548338B2881DF5400FAC1F4 /* Preview Content */,
			);
			path = TakeHomeTest;
			sourceTree = "<group>";
		};
		A548338B2881DF5400FAC1F4 /* Preview Content */ = {
			isa = PBXGroup;
			children = (
				A548338C2881DF5400FAC1F4 /* Preview Assets.xcassets */,
			);
			path = "Preview Content";
			sourceTree = "<group>";
		};
		A54833B228834E9A00FAC1F4 /* Modal */ = {
			isa = PBXGroup;
			children = (
				A54833B028834E9300FAC1F4 /* Network.swift */,
			);
			path = Modal;
			sourceTree = "<group>";
		};
		A54833B7288379A700FAC1F4 /* Utilities */ = {
			isa = PBXGroup;
			children = (
				A54833B52883799D00FAC1F4 /* ImageLoader.swift */,
			);
			path = Utilities;
			sourceTree = "<group>";
		};
		A54833BA288379DA00FAC1F4 /* Manager */ = {
			isa = PBXGroup;
			children = (
				A54833B8288379D400FAC1F4 /* NetworkManager.swift */,
			);
			path = Manager;
			sourceTree = "<group>";
		};
		A54833C128841C6E00FAC1F4 /* UIRepresentable */ = {
			isa = PBXGroup;
			children = (
				A54833BF28841C6300FAC1F4 /* VideoView.swift */,
			);
			path = UIRepresentable;
			sourceTree = "<group>";
		};
		A54833C82884BE7600FAC1F4 /* ContentView */ = {
			isa = PBXGroup;
			children = (
				A54833872881DF5200FAC1F4 /* ContentView.swift */,
				A54833B3288351BF00FAC1F4 /* ContentViewModal.swift */,
			);
			path = ContentView;
			sourceTree = "<group>";
		};
		A54833C92884BE8100FAC1F4 /* DetailView */ = {
			isa = PBXGroup;
			children = (
				A54833BB2883838300FAC1F4 /* DetailView.swift */,
				A54833C228846C5600FAC1F4 /* DetailViewModal.swift */,
			);
			path = DetailView;
			sourceTree = "<group>";
		};
		A54833CA2884BE8B00FAC1F4 /* CustomViews */ = {
			isa = PBXGroup;
			children = (
				A54833C42884B96300FAC1F4 /* CommentsNameViewCell.swift */,
				A54833C62884BCB000FAC1F4 /* CommentsViewCell.swift */,
			);
			path = CustomViews;
			sourceTree = "<group>";
		};
		A54833CB2884BE9B00FAC1F4 /* Screens */ = {
			isa = PBXGroup;
			children = (
				A54833C82884BE7600FAC1F4 /* ContentView */,
				A54833C92884BE8100FAC1F4 /* DetailView */,
			);
			path = Screens;
			sourceTree = "<group>";
		};
		A54833EC2885BE6400FAC1F4 /* Extensions */ = {
			isa = PBXGroup;
			children = (
				A54833E82885BD3900FAC1F4 /* EXT-String.swift */,
				A54833EA2885BD4F00FAC1F4 /* EXT-Date.swift */,
			);
			path = Extensions;
			sourceTree = "<group>";
		};
/* End PBXGroup section */

/* Begin PBXNativeTarget section */
		A54833812881DF5200FAC1F4 /* TakeHomeTest */ = {
			isa = PBXNativeTarget;
			buildConfigurationList = A54833A62881DF5400FAC1F4 /* Build configuration list for PBXNativeTarget "TakeHomeTest" */;
			buildPhases = (
				A548337E2881DF5200FAC1F4 /* Sources */,
				A548337F2881DF5200FAC1F4 /* Frameworks */,
				A54833802881DF5200FAC1F4 /* Resources */,
				A54833AF28834DD000FAC1F4 /* SwiftLint */,
			);
			buildRules = (
			);
			dependencies = (
			);
			name = TakeHomeTest;
			productName = TakeHomeTest;
			productReference = A54833822881DF5200FAC1F4 /* TakeHomeTest.app */;
			productType = "com.apple.product-type.application";
		};
		A54833912881DF5400FAC1F4 /* TakeHomeTestTests */ = {
			isa = PBXNativeTarget;
			buildConfigurationList = A54833A92881DF5400FAC1F4 /* Build configuration list for PBXNativeTarget "TakeHomeTestTests" */;
			buildPhases = (
				A548338E2881DF5400FAC1F4 /* Sources */,
				A548338F2881DF5400FAC1F4 /* Frameworks */,
				A54833902881DF5400FAC1F4 /* Resources */,
			);
			buildRules = (
			);
			dependencies = (
				A54833942881DF5400FAC1F4 /* PBXTargetDependency */,
			);
			name = TakeHomeTestTests;
			productName = TakeHomeTestTests;
			productReference = A54833922881DF5400FAC1F4 /* TakeHomeTestTests.xctest */;
			productType = "com.apple.product-type.bundle.unit-test";
		};
		A548339B2881DF5400FAC1F4 /* TakeHomeTestUITests */ = {
			isa = PBXNativeTarget;
			buildConfigurationList = A54833AC2881DF5400FAC1F4 /* Build configuration list for PBXNativeTarget "TakeHomeTestUITests" */;
			buildPhases = (
				A54833982881DF5400FAC1F4 /* Sources */,
				A54833992881DF5400FAC1F4 /* Frameworks */,
				A548339A2881DF5400FAC1F4 /* Resources */,
			);
			buildRules = (
			);
			dependencies = (
				A548339E2881DF5400FAC1F4 /* PBXTargetDependency */,
			);
			name = TakeHomeTestUITests;
			productName = TakeHomeTestUITests;
			productReference = A548339C2881DF5400FAC1F4 /* TakeHomeTestUITests.xctest */;
			productType = "com.apple.product-type.bundle.ui-testing";
		};
/* End PBXNativeTarget section */

/* Begin PBXProject section */
		A548337A2881DF5100FAC1F4 /* Project object */ = {
			isa = PBXProject;
			attributes = {
				BuildIndependentTargetsInParallel = 1;
				LastSwiftUpdateCheck = 1340;
				LastUpgradeCheck = 1340;
				TargetAttributes = {
					A54833812881DF5200FAC1F4 = {
						CreatedOnToolsVersion = 13.4.1;
					};
					A54833912881DF5400FAC1F4 = {
						CreatedOnToolsVersion = 13.4.1;
						TestTargetID = A54833812881DF5200FAC1F4;
					};
					A548339B2881DF5400FAC1F4 = {
						CreatedOnToolsVersion = 13.4.1;
						TestTargetID = A54833812881DF5200FAC1F4;
					};
				};
			};
			buildConfigurationList = A548337D2881DF5100FAC1F4 /* Build configuration list for PBXProject "TakeHomeTest" */;
			compatibilityVersion = "Xcode 13.0";
			developmentRegion = en;
			hasScannedForEncodings = 0;
			knownRegions = (
				en,
				Base,
			);
			mainGroup = A54833792881DF5100FAC1F4;
			productRefGroup = A54833832881DF5200FAC1F4 /* Products */;
			projectDirPath = "";
			projectRoot = "";
			targets = (
				A54833812881DF5200FAC1F4 /* TakeHomeTest */,
				A54833912881DF5400FAC1F4 /* TakeHomeTestTests */,
				A548339B2881DF5400FAC1F4 /* TakeHomeTestUITests */,
			);
		};
/* End PBXProject section */

/* Begin PBXResourcesBuildPhase section */
		A54833802881DF5200FAC1F4 /* Resources */ = {
			isa = PBXResourcesBuildPhase;
			buildActionMask = 2147483647;
			files = (
				A548338D2881DF5400FAC1F4 /* Preview Assets.xcassets in Resources */,
				A548338A2881DF5400FAC1F4 /* Assets.xcassets in Resources */,
			);
			runOnlyForDeploymentPostprocessing = 0;
		};
		A54833902881DF5400FAC1F4 /* Resources */ = {
			isa = PBXResourcesBuildPhase;
			buildActionMask = 2147483647;
			files = (
			);
			runOnlyForDeploymentPostprocessing = 0;
		};
		A548339A2881DF5400FAC1F4 /* Resources */ = {
			isa = PBXResourcesBuildPhase;
			buildActionMask = 2147483647;
			files = (
			);
			runOnlyForDeploymentPostprocessing = 0;
		};
/* End PBXResourcesBuildPhase section */

/* Begin PBXShellScriptBuildPhase section */
		A54833AF28834DD000FAC1F4 /* SwiftLint */ = {
			isa = PBXShellScriptBuildPhase;
			buildActionMask = 2147483647;
			files = (
			);
			inputFileListPaths = (
			);
			inputPaths = (
			);
			name = SwiftLint;
			outputFileListPaths = (
			);
			outputPaths = (
			);
			runOnlyForDeploymentPostprocessing = 0;
			shellPath = /bin/sh;
			shellScript = "if which swiftlint >/dev/null; then\n  swiftlint\nelse\n  echo \"warning: SwiftLint not installed, download from https://github.com/realm/SwiftLint\"\nfi\n";
		};
/* End PBXShellScriptBuildPhase section */

/* Begin PBXSourcesBuildPhase section */
		A548337E2881DF5200FAC1F4 /* Sources */ = {
			isa = PBXSourcesBuildPhase;
			buildActionMask = 2147483647;
			files = (
				A54833B9288379D400FAC1F4 /* NetworkManager.swift in Sources */,
				A54833EB2885BD4F00FAC1F4 /* EXT-Date.swift in Sources */,
				A54833B4288351BF00FAC1F4 /* ContentViewModal.swift in Sources */,
				A54833882881DF5200FAC1F4 /* ContentView.swift in Sources */,
				A54833C72884BCB000FAC1F4 /* CommentsViewCell.swift in Sources */,
				A54833E92885BD3900FAC1F4 /* EXT-String.swift in Sources */,
				A54833BC2883838300FAC1F4 /* DetailView.swift in Sources */,
				A54833C028841C6300FAC1F4 /* VideoView.swift in Sources */,
				A54833B62883799D00FAC1F4 /* ImageLoader.swift in Sources */,
				A54833C328846C5600FAC1F4 /* DetailViewModal.swift in Sources */,
				A54833862881DF5200FAC1F4 /* TakeHomeTestApp.swift in Sources */,
				A54833C52884B96300FAC1F4 /* CommentsNameViewCell.swift in Sources */,
				A54833B128834E9300FAC1F4 /* Network.swift in Sources */,
			);
			runOnlyForDeploymentPostprocessing = 0;
		};
		A548338E2881DF5400FAC1F4 /* Sources */ = {
			isa = PBXSourcesBuildPhase;
			buildActionMask = 2147483647;
			files = (
			);
			runOnlyForDeploymentPostprocessing = 0;
		};
		A54833982881DF5400FAC1F4 /* Sources */ = {
			isa = PBXSourcesBuildPhase;
			buildActionMask = 2147483647;
			files = (
			);
			runOnlyForDeploymentPostprocessing = 0;
		};
/* End PBXSourcesBuildPhase section */

/* Begin PBXTargetDependency section */
		A54833942881DF5400FAC1F4 /* PBXTargetDependency */ = {
			isa = PBXTargetDependency;
			target = A54833812881DF5200FAC1F4 /* TakeHomeTest */;
			targetProxy = A54833932881DF5400FAC1F4 /* PBXContainerItemProxy */;
		};
		A548339E2881DF5400FAC1F4 /* PBXTargetDependency */ = {
			isa = PBXTargetDependency;
			target = A54833812881DF5200FAC1F4 /* TakeHomeTest */;
			targetProxy = A548339D2881DF5400FAC1F4 /* PBXContainerItemProxy */;
		};
/* End PBXTargetDependency section */

/* Begin XCBuildConfiguration section */
		A54833A42881DF5400FAC1F4 /* Debug */ = {
			isa = XCBuildConfiguration;
			buildSettings = {
				ALWAYS_SEARCH_USER_PATHS = NO;
				CLANG_ANALYZER_NONNULL = YES;
				CLANG_ANALYZER_NUMBER_OBJECT_CONVERSION = YES_AGGRESSIVE;
				CLANG_CXX_LANGUAGE_STANDARD = "gnu++17";
				CLANG_ENABLE_MODULES = YES;
				CLANG_ENABLE_OBJC_ARC = YES;
				CLANG_ENABLE_OBJC_WEAK = YES;
				CLANG_WARN_BLOCK_CAPTURE_AUTORELEASING = YES;
				CLANG_WARN_BOOL_CONVERSION = YES;
				CLANG_WARN_COMMA = YES;
				CLANG_WARN_CONSTANT_CONVERSION = YES;
				CLANG_WARN_DEPRECATED_OBJC_IMPLEMENTATIONS = YES;
				CLANG_WARN_DIRECT_OBJC_ISA_USAGE = YES_ERROR;
				CLANG_WARN_DOCUMENTATION_COMMENTS = YES;
				CLANG_WARN_EMPTY_BODY = YES;
				CLANG_WARN_ENUM_CONVERSION = YES;
				CLANG_WARN_INFINITE_RECURSION = YES;
				CLANG_WARN_INT_CONVERSION = YES;
				CLANG_WARN_NON_LITERAL_NULL_CONVERSION = YES;
				CLANG_WARN_OBJC_IMPLICIT_RETAIN_SELF = YES;
				CLANG_WARN_OBJC_LITERAL_CONVERSION = YES;
				CLANG_WARN_OBJC_ROOT_CLASS = YES_ERROR;
				CLANG_WARN_QUOTED_INCLUDE_IN_FRAMEWORK_HEADER = YES;
				CLANG_WARN_RANGE_LOOP_ANALYSIS = YES;
				CLANG_WARN_STRICT_PROTOTYPES = YES;
				CLANG_WARN_SUSPICIOUS_MOVE = YES;
				CLANG_WARN_UNGUARDED_AVAILABILITY = YES_AGGRESSIVE;
				CLANG_WARN_UNREACHABLE_CODE = YES;
				CLANG_WARN__DUPLICATE_METHOD_MATCH = YES;
				COPY_PHASE_STRIP = NO;
				DEBUG_INFORMATION_FORMAT = dwarf;
				ENABLE_STRICT_OBJC_MSGSEND = YES;
				ENABLE_TESTABILITY = YES;
				GCC_C_LANGUAGE_STANDARD = gnu11;
				GCC_DYNAMIC_NO_PIC = NO;
				GCC_NO_COMMON_BLOCKS = YES;
				GCC_OPTIMIZATION_LEVEL = 0;
				GCC_PREPROCESSOR_DEFINITIONS = (
					"DEBUG=1",
					"$(inherited)",
				);
				GCC_WARN_64_TO_32_BIT_CONVERSION = YES;
				GCC_WARN_ABOUT_RETURN_TYPE = YES_ERROR;
				GCC_WARN_UNDECLARED_SELECTOR = YES;
				GCC_WARN_UNINITIALIZED_AUTOS = YES_AGGRESSIVE;
				GCC_WARN_UNUSED_FUNCTION = YES;
				GCC_WARN_UNUSED_VARIABLE = YES;
				IPHONEOS_DEPLOYMENT_TARGET = 15.5;
				MTL_ENABLE_DEBUG_INFO = INCLUDE_SOURCE;
				MTL_FAST_MATH = YES;
				ONLY_ACTIVE_ARCH = YES;
				SDKROOT = iphoneos;
				SWIFT_ACTIVE_COMPILATION_CONDITIONS = DEBUG;
				SWIFT_OPTIMIZATION_LEVEL = "-Onone";
			};
			name = Debug;
		};
		A54833A52881DF5400FAC1F4 /* Release */ = {
			isa = XCBuildConfiguration;
			buildSettings = {
				ALWAYS_SEARCH_USER_PATHS = NO;
				CLANG_ANALYZER_NONNULL = YES;
				CLANG_ANALYZER_NUMBER_OBJECT_CONVERSION = YES_AGGRESSIVE;
				CLANG_CXX_LANGUAGE_STANDARD = "gnu++17";
				CLANG_ENABLE_MODULES = YES;
				CLANG_ENABLE_OBJC_ARC = YES;
				CLANG_ENABLE_OBJC_WEAK = YES;
				CLANG_WARN_BLOCK_CAPTURE_AUTORELEASING = YES;
				CLANG_WARN_BOOL_CONVERSION = YES;
				CLANG_WARN_COMMA = YES;
				CLANG_WARN_CONSTANT_CONVERSION = YES;
				CLANG_WARN_DEPRECATED_OBJC_IMPLEMENTATIONS = YES;
				CLANG_WARN_DIRECT_OBJC_ISA_USAGE = YES_ERROR;
				CLANG_WARN_DOCUMENTATION_COMMENTS = YES;
				CLANG_WARN_EMPTY_BODY = YES;
				CLANG_WARN_ENUM_CONVERSION = YES;
				CLANG_WARN_INFINITE_RECURSION = YES;
				CLANG_WARN_INT_CONVERSION = YES;
				CLANG_WARN_NON_LITERAL_NULL_CONVERSION = YES;
				CLANG_WARN_OBJC_IMPLICIT_RETAIN_SELF = YES;
				CLANG_WARN_OBJC_LITERAL_CONVERSION = YES;
				CLANG_WARN_OBJC_ROOT_CLASS = YES_ERROR;
				CLANG_WARN_QUOTED_INCLUDE_IN_FRAMEWORK_HEADER = YES;
				CLANG_WARN_RANGE_LOOP_ANALYSIS = YES;
				CLANG_WARN_STRICT_PROTOTYPES = YES;
				CLANG_WARN_SUSPICIOUS_MOVE = YES;
				CLANG_WARN_UNGUARDED_AVAILABILITY = YES_AGGRESSIVE;
				CLANG_WARN_UNREACHABLE_CODE = YES;
				CLANG_WARN__DUPLICATE_METHOD_MATCH = YES;
				COPY_PHASE_STRIP = NO;
				DEBUG_INFORMATION_FORMAT = "dwarf-with-dsym";
				ENABLE_NS_ASSERTIONS = NO;
				ENABLE_STRICT_OBJC_MSGSEND = YES;
				GCC_C_LANGUAGE_STANDARD = gnu11;
				GCC_NO_COMMON_BLOCKS = YES;
				GCC_WARN_64_TO_32_BIT_CONVERSION = YES;
				GCC_WARN_ABOUT_RETURN_TYPE = YES_ERROR;
				GCC_WARN_UNDECLARED_SELECTOR = YES;
				GCC_WARN_UNINITIALIZED_AUTOS = YES_AGGRESSIVE;
				GCC_WARN_UNUSED_FUNCTION = YES;
				GCC_WARN_UNUSED_VARIABLE = YES;
				IPHONEOS_DEPLOYMENT_TARGET = 15.5;
				MTL_ENABLE_DEBUG_INFO = NO;
				MTL_FAST_MATH = YES;
				SDKROOT = iphoneos;
				SWIFT_COMPILATION_MODE = wholemodule;
				SWIFT_OPTIMIZATION_LEVEL = "-O";
				VALIDATE_PRODUCT = YES;
			};
			name = Release;
		};
		A54833A72881DF5400FAC1F4 /* Debug */ = {
			isa = XCBuildConfiguration;
			buildSettings = {
				ASSETCATALOG_COMPILER_APPICON_NAME = AppIcon;
				ASSETCATALOG_COMPILER_GLOBAL_ACCENT_COLOR_NAME = AccentColor;
				CODE_SIGN_STYLE = Automatic;
				CURRENT_PROJECT_VERSION = 1;
				DEVELOPMENT_ASSET_PATHS = "\"TakeHomeTest/Preview Content\"";
				DEVELOPMENT_TEAM = 6V7PDLNYSC;
				ENABLE_PREVIEWS = YES;
				GENERATE_INFOPLIST_FILE = YES;
				INFOPLIST_KEY_UIApplicationSceneManifest_Generation = YES;
				INFOPLIST_KEY_UIApplicationSupportsIndirectInputEvents = YES;
				INFOPLIST_KEY_UILaunchScreen_Generation = YES;
				INFOPLIST_KEY_UISupportedInterfaceOrientations_iPad = "UIInterfaceOrientationPortrait UIInterfaceOrientationPortraitUpsideDown UIInterfaceOrientationLandscapeLeft UIInterfaceOrientationLandscapeRight";
				INFOPLIST_KEY_UISupportedInterfaceOrientations_iPhone = "UIInterfaceOrientationPortrait UIInterfaceOrientationLandscapeLeft UIInterfaceOrientationLandscapeRight";
				LD_RUNPATH_SEARCH_PATHS = (
					"$(inherited)",
					"@executable_path/Frameworks",
				);
				MARKETING_VERSION = 1.0;
				PRODUCT_BUNDLE_IDENTIFIER = com.james.TakeHomeTest;
				PRODUCT_NAME = "$(TARGET_NAME)";
				SWIFT_EMIT_LOC_STRINGS = YES;
				SWIFT_VERSION = 5.0;
				TARGETED_DEVICE_FAMILY = "1,2";
			};
			name = Debug;
		};
		A54833A82881DF5400FAC1F4 /* Release */ = {
			isa = XCBuildConfiguration;
			buildSettings = {
				ASSETCATALOG_COMPILER_APPICON_NAME = AppIcon;
				ASSETCATALOG_COMPILER_GLOBAL_ACCENT_COLOR_NAME = AccentColor;
				CODE_SIGN_STYLE = Automatic;
				CURRENT_PROJECT_VERSION = 1;
				DEVELOPMENT_ASSET_PATHS = "\"TakeHomeTest/Preview Content\"";
				DEVELOPMENT_TEAM = 6V7PDLNYSC;
				ENABLE_PREVIEWS = YES;
				GENERATE_INFOPLIST_FILE = YES;
				INFOPLIST_KEY_UIApplicationSceneManifest_Generation = YES;
				INFOPLIST_KEY_UIApplicationSupportsIndirectInputEvents = YES;
				INFOPLIST_KEY_UILaunchScreen_Generation = YES;
				INFOPLIST_KEY_UISupportedInterfaceOrientations_iPad = "UIInterfaceOrientationPortrait UIInterfaceOrientationPortraitUpsideDown UIInterfaceOrientationLandscapeLeft UIInterfaceOrientationLandscapeRight";
				INFOPLIST_KEY_UISupportedInterfaceOrientations_iPhone = "UIInterfaceOrientationPortrait UIInterfaceOrientationLandscapeLeft UIInterfaceOrientationLandscapeRight";
				LD_RUNPATH_SEARCH_PATHS = (
					"$(inherited)",
					"@executable_path/Frameworks",
				);
				MARKETING_VERSION = 1.0;
				PRODUCT_BUNDLE_IDENTIFIER = com.james.TakeHomeTest;
				PRODUCT_NAME = "$(TARGET_NAME)";
				SWIFT_EMIT_LOC_STRINGS = YES;
				SWIFT_VERSION = 5.0;
				TARGETED_DEVICE_FAMILY = "1,2";
			};
			name = Release;
		};
		A54833AA2881DF5400FAC1F4 /* Debug */ = {
			isa = XCBuildConfiguration;
			buildSettings = {
				ALWAYS_EMBED_SWIFT_STANDARD_LIBRARIES = YES;
				BUNDLE_LOADER = "$(TEST_HOST)";
				CODE_SIGN_STYLE = Automatic;
				CURRENT_PROJECT_VERSION = 1;
				DEVELOPMENT_TEAM = 6V7PDLNYSC;
				GENERATE_INFOPLIST_FILE = YES;
				IPHONEOS_DEPLOYMENT_TARGET = 15.5;
				MARKETING_VERSION = 1.0;
				PRODUCT_BUNDLE_IDENTIFIER = com.james.TakeHomeTestTests;
				PRODUCT_NAME = "$(TARGET_NAME)";
				SWIFT_EMIT_LOC_STRINGS = NO;
				SWIFT_VERSION = 5.0;
				TARGETED_DEVICE_FAMILY = "1,2";
				TEST_HOST = "$(BUILT_PRODUCTS_DIR)/TakeHomeTest.app/TakeHomeTest";
			};
			name = Debug;
		};
		A54833AB2881DF5400FAC1F4 /* Release */ = {
			isa = XCBuildConfiguration;
			buildSettings = {
				ALWAYS_EMBED_SWIFT_STANDARD_LIBRARIES = YES;
				BUNDLE_LOADER = "$(TEST_HOST)";
				CODE_SIGN_STYLE = Automatic;
				CURRENT_PROJECT_VERSION = 1;
				DEVELOPMENT_TEAM = 6V7PDLNYSC;
				GENERATE_INFOPLIST_FILE = YES;
				IPHONEOS_DEPLOYMENT_TARGET = 15.5;
				MARKETING_VERSION = 1.0;
				PRODUCT_BUNDLE_IDENTIFIER = com.james.TakeHomeTestTests;
				PRODUCT_NAME = "$(TARGET_NAME)";
				SWIFT_EMIT_LOC_STRINGS = NO;
				SWIFT_VERSION = 5.0;
				TARGETED_DEVICE_FAMILY = "1,2";
				TEST_HOST = "$(BUILT_PRODUCTS_DIR)/TakeHomeTest.app/TakeHomeTest";
			};
			name = Release;
		};
		A54833AD2881DF5400FAC1F4 /* Debug */ = {
			isa = XCBuildConfiguration;
			buildSettings = {
				ALWAYS_EMBED_SWIFT_STANDARD_LIBRARIES = YES;
				CODE_SIGN_STYLE = Automatic;
				CURRENT_PROJECT_VERSION = 1;
				DEVELOPMENT_TEAM = 6V7PDLNYSC;
				GENERATE_INFOPLIST_FILE = YES;
				MARKETING_VERSION = 1.0;
				PRODUCT_BUNDLE_IDENTIFIER = com.james.TakeHomeTestUITests;
				PRODUCT_NAME = "$(TARGET_NAME)";
				SWIFT_EMIT_LOC_STRINGS = NO;
				SWIFT_VERSION = 5.0;
				TARGETED_DEVICE_FAMILY = "1,2";
				TEST_TARGET_NAME = TakeHomeTest;
			};
			name = Debug;
		};
		A54833AE2881DF5400FAC1F4 /* Release */ = {
			isa = XCBuildConfiguration;
			buildSettings = {
				ALWAYS_EMBED_SWIFT_STANDARD_LIBRARIES = YES;
				CODE_SIGN_STYLE = Automatic;
				CURRENT_PROJECT_VERSION = 1;
				DEVELOPMENT_TEAM = 6V7PDLNYSC;
				GENERATE_INFOPLIST_FILE = YES;
				MARKETING_VERSION = 1.0;
				PRODUCT_BUNDLE_IDENTIFIER = com.james.TakeHomeTestUITests;
				PRODUCT_NAME = "$(TARGET_NAME)";
				SWIFT_EMIT_LOC_STRINGS = NO;
				SWIFT_VERSION = 5.0;
				TARGETED_DEVICE_FAMILY = "1,2";
				TEST_TARGET_NAME = TakeHomeTest;
			};
			name = Release;
		};
/* End XCBuildConfiguration section */

/* Begin XCConfigurationList section */
		A548337D2881DF5100FAC1F4 /* Build configuration list for PBXProject "TakeHomeTest" */ = {
			isa = XCConfigurationList;
			buildConfigurations = (
				A54833A42881DF5400FAC1F4 /* Debug */,
				A54833A52881DF5400FAC1F4 /* Release */,
			);
			defaultConfigurationIsVisible = 0;
			defaultConfigurationName = Release;
		};
		A54833A62881DF5400FAC1F4 /* Build configuration list for PBXNativeTarget "TakeHomeTest" */ = {
			isa = XCConfigurationList;
			buildConfigurations = (
				A54833A72881DF5400FAC1F4 /* Debug */,
				A54833A82881DF5400FAC1F4 /* Release */,
			);
			defaultConfigurationIsVisible = 0;
			defaultConfigurationName = Release;
		};
		A54833A92881DF5400FAC1F4 /* Build configuration list for PBXNativeTarget "TakeHomeTestTests" */ = {
			isa = XCConfigurationList;
			buildConfigurations = (
				A54833AA2881DF5400FAC1F4 /* Debug */,
				A54833AB2881DF5400FAC1F4 /* Release */,
			);
			defaultConfigurationIsVisible = 0;
			defaultConfigurationName = Release;
		};
		A54833AC2881DF5400FAC1F4 /* Build configuration list for PBXNativeTarget "TakeHomeTestUITests" */ = {
			isa = XCConfigurationList;
			buildConfigurations = (
				A54833AD2881DF5400FAC1F4 /* Debug */,
				A54833AE2881DF5400FAC1F4 /* Release */,
			);
			defaultConfigurationIsVisible = 0;
			defaultConfigurationName = Release;
		};
/* End XCConfigurationList section */
	};
	rootObject = A548337A2881DF5100FAC1F4 /* Project object */;
}
